
Microsoft Visual Studio Solution File, Format Version 12.00
# Visual Studio Version 16
VisualStudioVersion = 16.0.30804.86
MinimumVisualStudioVersion = 10.0.40219.1
Project("{FAE04EC0-301F-11D3-BF4B-00C04F79EFBC}") = "Day11", "Day11\Day11.csproj", "{06C6E39B-103A-4F43-A213-2DD3EDD8DC2A}"
EndProject
Global
	GlobalSection(SolutionConfigurationPlatforms) = preSolution
		Debug|Any CPU = Debug|Any CPU
		Release|Any CPU = Release|Any CPU
	EndGlobalSection
	GlobalSection(ProjectConfigurationPlatforms) = postSolution
		{06C6E39B-103A-4F43-A213-2DD3EDD8DC2A}.Debug|Any CPU.ActiveCfg = Debug|Any CPU
		{06C6E39B-103A-4F43-A213-2DD3EDD8DC2A}.Debug|Any CPU.Build.0 = Debug|Any CPU
		{06C6E39B-103A-4F43-A213-2DD3EDD8DC2A}.Release|Any CPU.ActiveCfg = Release|Any CPU
		{06C6E39B-103A-4F43-A213-2DD3EDD8DC2A}.Release|Any CPU.Build.0 = Release|Any CPU
	EndGlobalSection
	GlobalSection(SolutionProperties) = preSolution
		HideSolutionNode = FALSE
	EndGlobalSection
	GlobalSection(ExtensibilityGlobals) = postSolution
		SolutionGuid = {676844CD-0A05-4AF9-B38D-69CC23E5BCD5}
	EndGlobalSection
EndGlobal
