
Microsoft Visual Studio Solution File, Format Version 12.00
# Visual Studio Version 16
VisualStudioVersion = 16.0.30717.126
MinimumVisualStudioVersion = 10.0.40219.1
Project("{FAE04EC0-301F-11D3-BF4B-00C04F79EFBC}") = "DetectPangram", "DetectPangram\DetectPangram.csproj", "{64270A9D-4CD2-4489-973C-39068A02FC2F}"
EndProject
Global
	GlobalSection(SolutionConfigurationPlatforms) = preSolution
		Debug|Any CPU = Debug|Any CPU
		Release|Any CPU = Release|Any CPU
	EndGlobalSection
	GlobalSection(ProjectConfigurationPlatforms) = postSolution
		{64270A9D-4CD2-4489-973C-39068A02FC2F}.Debug|Any CPU.ActiveCfg = Debug|Any CPU
		{64270A9D-4CD2-4489-973C-39068A02FC2F}.Debug|Any CPU.Build.0 = Debug|Any CPU
		{64270A9D-4CD2-4489-973C-39068A02FC2F}.Release|Any CPU.ActiveCfg = Release|Any CPU
		{64270A9D-4CD2-4489-973C-39068A02FC2F}.Release|Any CPU.Build.0 = Release|Any CPU
	EndGlobalSection
	GlobalSection(SolutionProperties) = preSolution
		HideSolutionNode = FALSE
	EndGlobalSection
	GlobalSection(ExtensibilityGlobals) = postSolution
		SolutionGuid = {8C7DB1B0-6C81-4E37-B021-8B528BF787B2}
	EndGlobalSection
EndGlobal
