
Microsoft Visual Studio Solution File, Format Version 12.00
# Visual Studio Version 16
VisualStudioVersion = 16.0.31729.503
MinimumVisualStudioVersion = 10.0.40219.1
Project("{FAE04EC0-301F-11D3-BF4B-00C04F79EFBC}") = "Day1SonarSweep", "Day1SonarSweep\Day1SonarSweep.csproj", "{D0AC89A1-C8DF-479C-9CA0-93515E313370}"
EndProject
Global
	GlobalSection(SolutionConfigurationPlatforms) = preSolution
		Debug|Any CPU = Debug|Any CPU
		Release|Any CPU = Release|Any CPU
	EndGlobalSection
	GlobalSection(ProjectConfigurationPlatforms) = postSolution
		{D0AC89A1-C8DF-479C-9CA0-93515E313370}.Debug|Any CPU.ActiveCfg = Debug|Any CPU
		{D0AC89A1-C8DF-479C-9CA0-93515E313370}.Debug|Any CPU.Build.0 = Debug|Any CPU
		{D0AC89A1-C8DF-479C-9CA0-93515E313370}.Release|Any CPU.ActiveCfg = Release|Any CPU
		{D0AC89A1-C8DF-479C-9CA0-93515E313370}.Release|Any CPU.Build.0 = Release|Any CPU
	EndGlobalSection
	GlobalSection(SolutionProperties) = preSolution
		HideSolutionNode = FALSE
	EndGlobalSection
	GlobalSection(ExtensibilityGlobals) = postSolution
		SolutionGuid = {D09DCDDD-EED1-407C-85B5-36B35E3FCA39}
	EndGlobalSection
EndGlobal
