
Microsoft Visual Studio Solution File, Format Version 12.00
# Visual Studio Version 16
VisualStudioVersion = 16.0.30711.63
MinimumVisualStudioVersion = 10.0.40219.1
Project("{FAE04EC0-301F-11D3-BF4B-00C04F79EFBC}") = "Jaden Casing Strings", "Jaden Casing Strings\Jaden Casing Strings.csproj", "{AB8F7EED-21B4-419F-9503-5A42EA9C3E3D}"
EndProject
Global
	GlobalSection(SolutionConfigurationPlatforms) = preSolution
		Debug|Any CPU = Debug|Any CPU
		Release|Any CPU = Release|Any CPU
	EndGlobalSection
	GlobalSection(ProjectConfigurationPlatforms) = postSolution
		{AB8F7EED-21B4-419F-9503-5A42EA9C3E3D}.Debug|Any CPU.ActiveCfg = Debug|Any CPU
		{AB8F7EED-21B4-419F-9503-5A42EA9C3E3D}.Debug|Any CPU.Build.0 = Debug|Any CPU
		{AB8F7EED-21B4-419F-9503-5A42EA9C3E3D}.Release|Any CPU.ActiveCfg = Release|Any CPU
		{AB8F7EED-21B4-419F-9503-5A42EA9C3E3D}.Release|Any CPU.Build.0 = Release|Any CPU
	EndGlobalSection
	GlobalSection(SolutionProperties) = preSolution
		HideSolutionNode = FALSE
	EndGlobalSection
	GlobalSection(ExtensibilityGlobals) = postSolution
		SolutionGuid = {C2FD332D-EC6A-40E9-AB97-0CFBCD3E2546}
	EndGlobalSection
EndGlobal
