
Microsoft Visual Studio Solution File, Format Version 12.00
# Visual Studio Version 16
VisualStudioVersion = 16.0.30717.126
MinimumVisualStudioVersion = 10.0.40219.1
Project("{FAE04EC0-301F-11D3-BF4B-00C04F79EFBC}") = "Day2", "Day2\Day2.csproj", "{07E9BB13-03CA-465A-9D35-1237AD2A47C9}"
EndProject
Global
	GlobalSection(SolutionConfigurationPlatforms) = preSolution
		Debug|Any CPU = Debug|Any CPU
		Release|Any CPU = Release|Any CPU
	EndGlobalSection
	GlobalSection(ProjectConfigurationPlatforms) = postSolution
		{07E9BB13-03CA-465A-9D35-1237AD2A47C9}.Debug|Any CPU.ActiveCfg = Debug|Any CPU
		{07E9BB13-03CA-465A-9D35-1237AD2A47C9}.Debug|Any CPU.Build.0 = Debug|Any CPU
		{07E9BB13-03CA-465A-9D35-1237AD2A47C9}.Release|Any CPU.ActiveCfg = Release|Any CPU
		{07E9BB13-03CA-465A-9D35-1237AD2A47C9}.Release|Any CPU.Build.0 = Release|Any CPU
	EndGlobalSection
	GlobalSection(SolutionProperties) = preSolution
		HideSolutionNode = FALSE
	EndGlobalSection
	GlobalSection(ExtensibilityGlobals) = postSolution
		SolutionGuid = {EB614732-ACE3-4E89-BE6A-4D90975F2ABE}
	EndGlobalSection
EndGlobal
