
Microsoft Visual Studio Solution File, Format Version 12.00
# Visual Studio Version 16
VisualStudioVersion = 16.0.30717.126
MinimumVisualStudioVersion = 10.0.40219.1
Project("{FAE04EC0-301F-11D3-BF4B-00C04F79EFBC}") = "PersistentBugger", "PersistentBugger\PersistentBugger.csproj", "{DF118C87-74CD-411C-9468-8D055C9A7165}"
EndProject
Global
	GlobalSection(SolutionConfigurationPlatforms) = preSolution
		Debug|Any CPU = Debug|Any CPU
		Release|Any CPU = Release|Any CPU
	EndGlobalSection
	GlobalSection(ProjectConfigurationPlatforms) = postSolution
		{DF118C87-74CD-411C-9468-8D055C9A7165}.Debug|Any CPU.ActiveCfg = Debug|Any CPU
		{DF118C87-74CD-411C-9468-8D055C9A7165}.Debug|Any CPU.Build.0 = Debug|Any CPU
		{DF118C87-74CD-411C-9468-8D055C9A7165}.Release|Any CPU.ActiveCfg = Release|Any CPU
		{DF118C87-74CD-411C-9468-8D055C9A7165}.Release|Any CPU.Build.0 = Release|Any CPU
	EndGlobalSection
	GlobalSection(SolutionProperties) = preSolution
		HideSolutionNode = FALSE
	EndGlobalSection
	GlobalSection(ExtensibilityGlobals) = postSolution
		SolutionGuid = {40F2798E-05BC-4823-8828-5B7C8200879F}
	EndGlobalSection
EndGlobal
