
Microsoft Visual Studio Solution File, Format Version 12.00
# Visual Studio Version 16
VisualStudioVersion = 16.0.30804.86
MinimumVisualStudioVersion = 10.0.40219.1
Project("{FAE04EC0-301F-11D3-BF4B-00C04F79EFBC}") = "Day7", "Day7\Day7.csproj", "{6D0426D2-D541-45F1-9E2E-29B993AFA1DC}"
EndProject
Global
	GlobalSection(SolutionConfigurationPlatforms) = preSolution
		Debug|Any CPU = Debug|Any CPU
		Release|Any CPU = Release|Any CPU
	EndGlobalSection
	GlobalSection(ProjectConfigurationPlatforms) = postSolution
		{6D0426D2-D541-45F1-9E2E-29B993AFA1DC}.Debug|Any CPU.ActiveCfg = Debug|Any CPU
		{6D0426D2-D541-45F1-9E2E-29B993AFA1DC}.Debug|Any CPU.Build.0 = Debug|Any CPU
		{6D0426D2-D541-45F1-9E2E-29B993AFA1DC}.Release|Any CPU.ActiveCfg = Release|Any CPU
		{6D0426D2-D541-45F1-9E2E-29B993AFA1DC}.Release|Any CPU.Build.0 = Release|Any CPU
	EndGlobalSection
	GlobalSection(SolutionProperties) = preSolution
		HideSolutionNode = FALSE
	EndGlobalSection
	GlobalSection(ExtensibilityGlobals) = postSolution
		SolutionGuid = {9EBFF899-C59D-4EA8-9F7C-FF76856B21AD}
	EndGlobalSection
EndGlobal
